{
  "nodes": {
    "daemonFramework": {
      "inputs": {
        "nixpkgs": [
          "nixpkgs"
        ]
      },
      "locked": {
        "lastModified": 1788384005,
        "narHash": "sha256-b+tVRRctw4KIo69/c6sxshBsKmgRrVcOMGVzuwf5gPo=",
        "ref": "main",
        "rev": "c90883428ed83baa8e451dec5b598ad4e3141d25",
        "revCount": 28,
        "type": "git",
        "url": "file:../daemon-framework"
      },
      "original": {
        "ref": "main",
        "type": "git",
        "url": "file:../daemon-framework"
      }
    },
    "hyprlandIpc": {
      "inputs": {
        "nixpkgs": [
          "nixpkgs"
        ]
      },
      "locked": {
        "lastModified": 1788384196,
        "narHash": "sha256-QxDFv7aC4uvLrDpE5nDV8XTnL8mqkX1SFNx+S9w+GN4=",
        "ref": "main",
        "rev": "d667023032344adb3e4526414a63527520357c2f",
        "revCount": 1,
        "type": "git",
        "url": "file:../shelllist-hyprland"
      },
      "original": {
        "ref": "main",
        "type": "git",
        "url": "file:../shelllist-hyprland"
      }
    },
    "nixpkgs": {
      "locked": {
        "lastModified": 1786089803,
        "narHash": "sha256-ZuvZfVW2tB5tXYEcpcfhVXB3N4OhdZLOqOviy4OD4b4=",
        "owner": "NixOS",
        "repo": "nixpkgs",
        "rev": "ee48b147c18c7de1e6ec97dc74792be42724bed1",
        "type": "github"
      },
      "original": {
        "owner": "NixOS",
        "ref": "nixos-26.05",
        "repo": "nixpkgs",
        "type": "github"
      }
    },
    "root": {
      "inputs": {
        "daemonFramework": "daemonFramework",
        "hyprlandIpc": "hyprlandIpc",
        "nixpkgs": "nixpkgs"
      }
    }
  },
  "root": "root",
  "version": 7
}
